{
  "assets": {
    "assets/config.json": {
      "bytes": 12,
      "sha256": "3108e15dfc911f1a730106ee1e44c941639e0b7add838d095680425e86d086c3"
    }
  },
  "compiler": "0.9.1",
  "dependencies": {},
  "effects": [
    "args",
    "env",
    "fileRead",
    "fileWrite",
    "output"
  ],
  "format": 2,
  "language": "0.9.1"
}
